
Microsoft Visual Studio Solution File, Format Version 12.00
# Visual Studio Version 16
VisualStudioVersion = 16.0.31229.75
MinimumVisualStudioVersion = 10.0.40219.1
Project("{9A19103F-16F7-4668-BE54-9A1E7A4F7556}") = "Paraject", "Paraject\Paraject.csproj", "{ED4B9F12-656C-4EFC-94EC-708917032063}"
EndProject
Project("{930C7802-8A8C-48F9-8165-68863BCCD9DD}") = "Paraject.Installer", "Paraject.Installer\Paraject.Installer.wixproj", "{9AF4E896-8F41-429C-91BC-6E1BD9DA175B}"
EndProject
Project("{930C7802-8A8C-48F9-8165-68863BCCD9DD}") = "Paraject.Bootstrapper", "Paraject.Bootstrapper\Paraject.Bootstrapper.wixproj", "{173589FA-04A1-431C-A9E2-DED84BD5D26D}"
EndProject
Global
	GlobalSection(SolutionConfigurationPlatforms) = preSolution
		Debug|x64 = Debug|x64
		Debug|x86 = Debug|x86
		Release|x64 = Release|x64
		Release|x86 = Release|x86
	EndGlobalSection
	GlobalSection(ProjectConfigurationPlatforms) = postSolution
		{ED4B9F12-656C-4EFC-94EC-708917032063}.Debug|x64.ActiveCfg = Debug|x64
		{ED4B9F12-656C-4EFC-94EC-708917032063}.Debug|x64.Build.0 = Debug|x64
		{ED4B9F12-656C-4EFC-94EC-708917032063}.Debug|x86.ActiveCfg = Debug|Any CPU
		{ED4B9F12-656C-4EFC-94EC-708917032063}.Debug|x86.Build.0 = Debug|Any CPU
		{ED4B9F12-656C-4EFC-94EC-708917032063}.Release|x64.ActiveCfg = Release|Any CPU
		{ED4B9F12-656C-4EFC-94EC-708917032063}.Release|x64.Build.0 = Release|Any CPU
		{ED4B9F12-656C-4EFC-94EC-708917032063}.Release|x86.ActiveCfg = Release|Any CPU
		{ED4B9F12-656C-4EFC-94EC-708917032063}.Release|x86.Build.0 = Release|Any CPU
		{9AF4E896-8F41-429C-91BC-6E1BD9DA175B}.Debug|x64.ActiveCfg = Debug|x86
		{9AF4E896-8F41-429C-91BC-6E1BD9DA175B}.Debug|x86.ActiveCfg = Debug|x86
		{9AF4E896-8F41-429C-91BC-6E1BD9DA175B}.Debug|x86.Build.0 = Debug|x86
		{9AF4E896-8F41-429C-91BC-6E1BD9DA175B}.Release|x64.ActiveCfg = Release|x64
		{9AF4E896-8F41-429C-91BC-6E1BD9DA175B}.Release|x86.ActiveCfg = Release|x86
		{9AF4E896-8F41-429C-91BC-6E1BD9DA175B}.Release|x86.Build.0 = Release|x86
		{173589FA-04A1-431C-A9E2-DED84BD5D26D}.Debug|x64.ActiveCfg = Debug|x86
		{173589FA-04A1-431C-A9E2-DED84BD5D26D}.Debug|x86.ActiveCfg = Debug|x86
		{173589FA-04A1-431C-A9E2-DED84BD5D26D}.Debug|x86.Build.0 = Debug|x86
		{173589FA-04A1-431C-A9E2-DED84BD5D26D}.Release|x64.ActiveCfg = Release|x86
		{173589FA-04A1-431C-A9E2-DED84BD5D26D}.Release|x86.ActiveCfg = Release|x86
		{173589FA-04A1-431C-A9E2-DED84BD5D26D}.Release|x86.Build.0 = Release|x86
	EndGlobalSection
	GlobalSection(SolutionProperties) = preSolution
		HideSolutionNode = FALSE
	EndGlobalSection
	GlobalSection(ExtensibilityGlobals) = postSolution
		SolutionGuid = {340A6880-865D-4214-A831-EBEE57A56CC1}
	EndGlobalSection
EndGlobal
